
Microsoft Visual Studio Solution File, Format Version 12.00
# Visual Studio 2012
Project("{FAE04EC0-301F-11D3-BF4B-00C04F79EFBC}") = "ServiceInsight.Desktop", "ServiceInsight.Desktop\ServiceInsight.Desktop.csproj", "{C7EB8BB8-813B-4CFD-83DF-7F38D8DD89EF}"
EndProject
Project("{FAE04EC0-301F-11D3-BF4B-00C04F79EFBC}") = "ServiceInsight.Tests", "ServiceInsight.Tests\ServiceInsight.Tests.csproj", "{61F87540-03E3-4E72-9647-FA2108AD66A2}"
EndProject
Project("{FAE04EC0-301F-11D3-BF4B-00C04F79EFBC}") = "ServiceInsight.FunctionalTests", "ServiceInsight.FunctionalTests\ServiceInsight.FunctionalTests.csproj", "{D55B9DD2-EA36-4A3B-B6C6-61933AD66933}"
EndProject
Project("{FAE04EC0-301F-11D3-BF4B-00C04F79EFBC}") = "Chocolatey", "Chocolatey\Chocolatey.csproj", "{63786CE5-D899-43DF-AD4E-C2CA3BAC3FC2}"
EndProject
Global
	GlobalSection(SolutionConfigurationPlatforms) = preSolution
		Debug|Any CPU = Debug|Any CPU
		Debug|Mixed Platforms = Debug|Mixed Platforms
		Debug|x86 = Debug|x86
		Release|Any CPU = Release|Any CPU
		Release|Mixed Platforms = Release|Mixed Platforms
		Release|x86 = Release|x86
	EndGlobalSection
	GlobalSection(ProjectConfigurationPlatforms) = postSolution
		{C7EB8BB8-813B-4CFD-83DF-7F38D8DD89EF}.Debug|Any CPU.ActiveCfg = Debug|x86
		{C7EB8BB8-813B-4CFD-83DF-7F38D8DD89EF}.Debug|Mixed Platforms.ActiveCfg = Debug|x86
		{C7EB8BB8-813B-4CFD-83DF-7F38D8DD89EF}.Debug|Mixed Platforms.Build.0 = Debug|x86
		{C7EB8BB8-813B-4CFD-83DF-7F38D8DD89EF}.Debug|x86.ActiveCfg = Debug|x86
		{C7EB8BB8-813B-4CFD-83DF-7F38D8DD89EF}.Debug|x86.Build.0 = Debug|x86
		{C7EB8BB8-813B-4CFD-83DF-7F38D8DD89EF}.Release|Any CPU.ActiveCfg = Release|x86
		{C7EB8BB8-813B-4CFD-83DF-7F38D8DD89EF}.Release|Mixed Platforms.ActiveCfg = Release|x86
		{C7EB8BB8-813B-4CFD-83DF-7F38D8DD89EF}.Release|Mixed Platforms.Build.0 = Release|x86
		{C7EB8BB8-813B-4CFD-83DF-7F38D8DD89EF}.Release|x86.ActiveCfg = Release|x86
		{C7EB8BB8-813B-4CFD-83DF-7F38D8DD89EF}.Release|x86.Build.0 = Release|x86
		{61F87540-03E3-4E72-9647-FA2108AD66A2}.Debug|Any CPU.ActiveCfg = Debug|Any CPU
		{61F87540-03E3-4E72-9647-FA2108AD66A2}.Debug|Any CPU.Build.0 = Debug|Any CPU
		{61F87540-03E3-4E72-9647-FA2108AD66A2}.Debug|Mixed Platforms.ActiveCfg = Debug|Any CPU
		{61F87540-03E3-4E72-9647-FA2108AD66A2}.Debug|Mixed Platforms.Build.0 = Debug|Any CPU
		{61F87540-03E3-4E72-9647-FA2108AD66A2}.Debug|x86.ActiveCfg = Debug|Any CPU
		{61F87540-03E3-4E72-9647-FA2108AD66A2}.Release|Any CPU.ActiveCfg = Release|Any CPU
		{61F87540-03E3-4E72-9647-FA2108AD66A2}.Release|Any CPU.Build.0 = Release|Any CPU
		{61F87540-03E3-4E72-9647-FA2108AD66A2}.Release|Mixed Platforms.ActiveCfg = Release|Any CPU
		{61F87540-03E3-4E72-9647-FA2108AD66A2}.Release|Mixed Platforms.Build.0 = Release|Any CPU
		{61F87540-03E3-4E72-9647-FA2108AD66A2}.Release|x86.ActiveCfg = Release|Any CPU
		{D55B9DD2-EA36-4A3B-B6C6-61933AD66933}.Debug|Any CPU.ActiveCfg = Debug|Any CPU
		{D55B9DD2-EA36-4A3B-B6C6-61933AD66933}.Debug|Any CPU.Build.0 = Debug|Any CPU
		{D55B9DD2-EA36-4A3B-B6C6-61933AD66933}.Debug|Mixed Platforms.ActiveCfg = Debug|Any CPU
		{D55B9DD2-EA36-4A3B-B6C6-61933AD66933}.Debug|Mixed Platforms.Build.0 = Debug|Any CPU
		{D55B9DD2-EA36-4A3B-B6C6-61933AD66933}.Debug|x86.ActiveCfg = Debug|Any CPU
		{D55B9DD2-EA36-4A3B-B6C6-61933AD66933}.Release|Any CPU.ActiveCfg = Release|Any CPU
		{D55B9DD2-EA36-4A3B-B6C6-61933AD66933}.Release|Any CPU.Build.0 = Release|Any CPU
		{D55B9DD2-EA36-4A3B-B6C6-61933AD66933}.Release|Mixed Platforms.ActiveCfg = Release|Any CPU
		{D55B9DD2-EA36-4A3B-B6C6-61933AD66933}.Release|Mixed Platforms.Build.0 = Release|Any CPU
		{D55B9DD2-EA36-4A3B-B6C6-61933AD66933}.Release|x86.ActiveCfg = Release|Any CPU
		{63786CE5-D899-43DF-AD4E-C2CA3BAC3FC2}.Debug|Any CPU.ActiveCfg = Debug|Any CPU
		{63786CE5-D899-43DF-AD4E-C2CA3BAC3FC2}.Debug|Any CPU.Build.0 = Debug|Any CPU
		{63786CE5-D899-43DF-AD4E-C2CA3BAC3FC2}.Debug|Mixed Platforms.ActiveCfg = Debug|Any CPU
		{63786CE5-D899-43DF-AD4E-C2CA3BAC3FC2}.Debug|Mixed Platforms.Build.0 = Debug|Any CPU
		{63786CE5-D899-43DF-AD4E-C2CA3BAC3FC2}.Debug|x86.ActiveCfg = Debug|Any CPU
		{63786CE5-D899-43DF-AD4E-C2CA3BAC3FC2}.Release|Any CPU.ActiveCfg = Release|Any CPU
		{63786CE5-D899-43DF-AD4E-C2CA3BAC3FC2}.Release|Any CPU.Build.0 = Release|Any CPU
		{63786CE5-D899-43DF-AD4E-C2CA3BAC3FC2}.Release|Mixed Platforms.ActiveCfg = Release|Any CPU
		{63786CE5-D899-43DF-AD4E-C2CA3BAC3FC2}.Release|Mixed Platforms.Build.0 = Release|Any CPU
		{63786CE5-D899-43DF-AD4E-C2CA3BAC3FC2}.Release|x86.ActiveCfg = Release|Any CPU
	EndGlobalSection
	GlobalSection(SolutionProperties) = preSolution
		HideSolutionNode = FALSE
	EndGlobalSection
EndGlobal
