
Microsoft Visual Studio Solution File, Format Version 12.00
# Visual Studio 14
VisualStudioVersion = 14.0.24720.0
MinimumVisualStudioVersion = 10.0.40219.1
Project("{FAE04EC0-301F-11D3-BF4B-00C04F79EFBC}") = "ServiceInsight.Tests", "ServiceInsight.Tests\ServiceInsight.Tests.csproj", "{61F87540-03E3-4E72-9647-FA2108AD66A2}"
EndProject
Project("{FAE04EC0-301F-11D3-BF4B-00C04F79EFBC}") = "ServiceInsight.FunctionalTests", "ServiceInsight.FunctionalTests\ServiceInsight.FunctionalTests.csproj", "{D55B9DD2-EA36-4A3B-B6C6-61933AD66933}"
EndProject
Project("{FAE04EC0-301F-11D3-BF4B-00C04F79EFBC}") = "ServiceInsight", "ServiceInsight\ServiceInsight.csproj", "{C7EB8BB8-813B-4CFD-83DF-7F38D8DD89EF}"
EndProject
Project("{2150E333-8FDC-42A3-9474-1A3956D46DE8}") = "Chocolatey", "Chocolatey", "{4B808DEA-0BC2-46C5-806D-76C9D92872B2}"
	ProjectSection(SolutionItems) = preProject
		Setup\Chocolatey\chocolateyInstall.ps1 = Setup\Chocolatey\chocolateyInstall.ps1
		Setup\Chocolatey\chocolateyUninstall.ps1 = Setup\Chocolatey\chocolateyUninstall.ps1
		Setup\Chocolatey\elevatedUninstall.ps1 = Setup\Chocolatey\elevatedUninstall.ps1
		..\packaging\chocolatey\Setup.install.nuspec = ..\packaging\chocolatey\Setup.install.nuspec
	EndProjectSection
EndProject
Project("{2150E333-8FDC-42A3-9474-1A3956D46DE8}") = "Installer", "Installer", "{5338FEE7-FEE1-49AC-839B-A6D9988F9841}"
EndProject
Project("{FAE04EC0-301F-11D3-BF4B-00C04F79EFBC}") = "Setup", "Setup\Setup.csproj", "{AA3D4052-9083-4A3F-B151-C2E1E909D00F}"
EndProject
Project("{2150E333-8FDC-42A3-9474-1A3956D46DE8}") = ".nuget", ".nuget", "{B9BC3BC0-E1F1-4579-B3EC-58BC954B30A6}"
	ProjectSection(SolutionItems) = preProject
		.nuget\packages.config = .nuget\packages.config
	EndProjectSection
EndProject
Global
	GlobalSection(SolutionConfigurationPlatforms) = preSolution
		Debug|Any CPU = Debug|Any CPU
		Release|Any CPU = Release|Any CPU
	EndGlobalSection
	GlobalSection(ProjectConfigurationPlatforms) = postSolution
		{61F87540-03E3-4E72-9647-FA2108AD66A2}.Debug|Any CPU.ActiveCfg = Debug|Any CPU
		{61F87540-03E3-4E72-9647-FA2108AD66A2}.Debug|Any CPU.Build.0 = Debug|Any CPU
		{61F87540-03E3-4E72-9647-FA2108AD66A2}.Release|Any CPU.ActiveCfg = Release|Any CPU
		{61F87540-03E3-4E72-9647-FA2108AD66A2}.Release|Any CPU.Build.0 = Release|Any CPU
		{D55B9DD2-EA36-4A3B-B6C6-61933AD66933}.Debug|Any CPU.ActiveCfg = Debug|Any CPU
		{D55B9DD2-EA36-4A3B-B6C6-61933AD66933}.Debug|Any CPU.Build.0 = Debug|Any CPU
		{D55B9DD2-EA36-4A3B-B6C6-61933AD66933}.Release|Any CPU.ActiveCfg = Release|Any CPU
		{D55B9DD2-EA36-4A3B-B6C6-61933AD66933}.Release|Any CPU.Build.0 = Release|Any CPU
		{C7EB8BB8-813B-4CFD-83DF-7F38D8DD89EF}.Debug|Any CPU.ActiveCfg = Debug|Any CPU
		{C7EB8BB8-813B-4CFD-83DF-7F38D8DD89EF}.Debug|Any CPU.Build.0 = Debug|Any CPU
		{C7EB8BB8-813B-4CFD-83DF-7F38D8DD89EF}.Release|Any CPU.ActiveCfg = Release|Any CPU
		{C7EB8BB8-813B-4CFD-83DF-7F38D8DD89EF}.Release|Any CPU.Build.0 = Release|Any CPU
		{AA3D4052-9083-4A3F-B151-C2E1E909D00F}.Debug|Any CPU.ActiveCfg = Debug|Any CPU
		{AA3D4052-9083-4A3F-B151-C2E1E909D00F}.Debug|Any CPU.Build.0 = Debug|Any CPU
		{AA3D4052-9083-4A3F-B151-C2E1E909D00F}.Release|Any CPU.ActiveCfg = Release|Any CPU
		{AA3D4052-9083-4A3F-B151-C2E1E909D00F}.Release|Any CPU.Build.0 = Release|Any CPU
	EndGlobalSection
	GlobalSection(SolutionProperties) = preSolution
		HideSolutionNode = FALSE
	EndGlobalSection
	GlobalSection(NestedProjects) = preSolution
		{AA3D4052-9083-4A3F-B151-C2E1E909D00F} = {5338FEE7-FEE1-49AC-839B-A6D9988F9841}
	EndGlobalSection
EndGlobal
